
Microsoft Visual Studio Solution File, Format Version 12.00
# Visual Studio Version 16
VisualStudioVersion = 16.0.31911.196
MinimumVisualStudioVersion = 10.0.40219.1
Project("{9A19103F-16F7-4668-BE54-9A1E7A4F7556}") = "EnterpriseWebApplication", "EnterpriseWebApplication\EnterpriseWebApplication.csproj", "{9CF10E6B-B4B5-4530-8A5B-634CDE86BCB2}"
EndProject
Global
	GlobalSection(SolutionConfigurationPlatforms) = preSolution
		Debug|Any CPU = Debug|Any CPU
		Release|Any CPU = Release|Any CPU
	EndGlobalSection
	GlobalSection(ProjectConfigurationPlatforms) = postSolution
		{9CF10E6B-B4B5-4530-8A5B-634CDE86BCB2}.Debug|Any CPU.ActiveCfg = Debug|Any CPU
		{9CF10E6B-B4B5-4530-8A5B-634CDE86BCB2}.Debug|Any CPU.Build.0 = Debug|Any CPU
		{9CF10E6B-B4B5-4530-8A5B-634CDE86BCB2}.Release|Any CPU.ActiveCfg = Release|Any CPU
		{9CF10E6B-B4B5-4530-8A5B-634CDE86BCB2}.Release|Any CPU.Build.0 = Release|Any CPU
	EndGlobalSection
	GlobalSection(SolutionProperties) = preSolution
		HideSolutionNode = FALSE
	EndGlobalSection
	GlobalSection(ExtensibilityGlobals) = postSolution
		SolutionGuid = {E1B19A4A-CABE-4396-B890-C94EB29B769B}
	EndGlobalSection
EndGlobal
